version = 1
revision = 3
requires-python = "==3.12.*"

[[package]]
name = "asgiref"
version = "3.11.1"
source = { registry = "https://pypi.org/simple" }
sdist = { url = "https://files.pythonhosted.org/packages/63/40/f03da1264ae8f7cfdbf9146542e5e7e8100a4c66ab48e791df9a03d3f6c0/asgiref-3.11.1.tar.gz", hash = "sha256:5f184dc43b7e763efe848065441eac62229c9f7b0475f41f80e207a114eda4ce", size = 38550, upload-time = "2026-02-03T13:30:14.33Z" }
wheels = [
    { url = "https://files.pythonhosted.org/packages/5c/0a/a72d10ed65068e115044937873362e6e32fab1b7dce0046aeb224682c989/asgiref-3.11.1-py3-none-any.whl", hash = "sha256:e8667a091e69529631969fd45dc268fa79b99c92c5fcdda727757e52146ec133", size = 24345, upload-time = "2026-02-03T13:30:13.039Z" },
]

[[package]]
name = "boto3"
version = "1.43.47"
source = { registry = "https://pypi.org/simple" }
dependencies = [
    { name = "botocore" },
    { name = "jmespath" },
    { name = "s3transfer" },
]
sdist = { url = "https://files.pythonhosted.org/packages/eb/76/8c2b062b9a9f27db8d78c3183213efd2cb31493b9a81853025da5254652e/boto3-1.43.47.tar.gz", hash = "sha256:09a8ce4abab4391bf08315e2dcc449b4b33e97ce7654ee9398d9fe4ef73a33da", size = 112681, upload-time = "2026-07-13T19:32:13.511Z" }
wheels = [
    { url = "https://files.pythonhosted.org/packages/27/86/4aaa23e1433a6f4021258b1d8e4ec129bf691e419339454806807595a93d/boto3-1.43.47-py3-none-any.whl", hash = "sha256:aef0cccd5bc4a443fb3e64fada023f7b5b9da36864cb4255b68cf93067476676", size = 140031, upload-time = "2026-07-13T19:32:11.072Z" },
]

[[package]]
name = "botocore"
version = "1.43.47"
source = { registry = "https://pypi.org/simple" }
dependencies = [
    { name = "jmespath" },
    { name = "python-dateutil" },
    { name = "urllib3" },
]
sdist = { url = "https://files.pythonhosted.org/packages/76/2c/279bf51f68e85a12323996aa4a7f2a163da84dad949ee751caa318928ce1/botocore-1.43.47.tar.gz", hash = "sha256:9e04d8da7f9cff8a911b14284829f78b74e1ce785444833199837decb5ecc17a", size = 15696311, upload-time = "2026-07-13T19:32:01.095Z" }
wheels = [
    { url = "https://files.pythonhosted.org/packages/28/c0/6a8f824d613c5e5b8755ce99e3cf83fd1db135f5df02da7ed5bf106abdfd/botocore-1.43.47-py3-none-any.whl", hash = "sha256:4d16559a3a1866fa7b9e651dd1422c1a033497e069f8a73cae5eebafe70ff39c", size = 15382537, upload-time = "2026-07-13T19:31:56.213Z" },
]

[[package]]
name = "colorama"
version = "0.4.6"
source = { registry = "https://pypi.org/simple" }
sdist = { url = "https://files.pythonhosted.org/packages/d8/53/6f443c9a4a8358a93a6792e2acffb9d9d5cb0a5cfd8802644b7b1c9a02e4/colorama-0.4.6.tar.gz", hash = "sha256:08695f5cb7ed6e0531a20572697297273c47b8cae5a63ffc6d6ed5c201be6e44", size = 27697, upload-time = "2022-10-25T02:36:22.414Z" }
wheels = [
    { url = "https://files.pythonhosted.org/packages/d1/d6/3965ed04c63042e047cb6a3e6ed1a63a35087b6a609aa3a15ed8ac56c221/colorama-0.4.6-py2.py3-none-any.whl", hash = "sha256:4f1d9991f5acc0ca119f9d443620b77f9d6b33703e51011c16baf57afb285fc6", size = 25335, upload-time = "2022-10-25T02:36:20.889Z" },
]

[[package]]
name = "conta-saga"
version = "0.1.0"
source = { virtual = "." }
dependencies = [
    { name = "boto3" },
    { name = "django" },
    { name = "gunicorn" },
    { name = "pillow" },
    { name = "pillow-heif" },
    { name = "psycopg", extra = ["binary"] },
    { name = "pymupdf" },
    { name = "python-dotenv" },
    { name = "whitenoise" },
]

[package.dev-dependencies]
dev = [
    { name = "pytest" },
    { name = "pytest-django" },
    { name = "ruff" },
]

[package.metadata]
requires-dist = [
    { name = "boto3", specifier = ">=1.35,<2" },
    { name = "django", specifier = ">=5.2,<5.3" },
    { name = "gunicorn", specifier = ">=23,<24" },
    { name = "pillow", specifier = ">=11,<13" },
    { name = "pillow-heif", specifier = ">=1,<2" },
    { name = "psycopg", extras = ["binary"], specifier = ">=3.2,<4" },
    { name = "pymupdf", specifier = ">=1.26,<2" },
    { name = "python-dotenv", specifier = ">=1.0,<2" },
    { name = "whitenoise", specifier = ">=6.9,<7" },
]

[package.metadata.requires-dev]
dev = [
    { name = "pytest", specifier = ">=8.3,<9" },
    { name = "pytest-django", specifier = ">=4.9,<5" },
    { name = "ruff", specifier = ">=0.11,<1" },
]

[[package]]
name = "django"
version = "5.2.16"
source = { registry = "https://pypi.org/simple" }
dependencies = [
    { name = "asgiref" },
    { name = "sqlparse" },
    { name = "tzdata", marker = "sys_platform == 'win32'" },
]
sdist = { url = "https://files.pythonhosted.org/packages/a9/26/889449d521ae508b26de715954faecd8bcf3f740affb81b2d146a83b42a5/django-5.2.16.tar.gz", hash = "sha256:59ea02020c3136fce14bef0bbece21a10a4febef5eed1c51c22ae468efa22200", size = 10890894, upload-time = "2026-07-07T13:52:17.005Z" }
wheels = [
    { url = "https://files.pythonhosted.org/packages/4e/13/1e5e3e4c15dcecb04281b3cb2a46a4670e1cef131068e202f6040df19224/django-5.2.16-py3-none-any.whl", hash = "sha256:04f354bf9d807a86ad1a8392fe3808d362358a8eafc322848e0e43e59b24371d", size = 8311943, upload-time = "2026-07-07T13:52:11.223Z" },
]

[[package]]
name = "gunicorn"
version = "23.0.0"
source = { registry = "https://pypi.org/simple" }
dependencies = [
    { name = "packaging" },
]
sdist = { url = "https://files.pythonhosted.org/packages/34/72/9614c465dc206155d93eff0ca20d42e1e35afc533971379482de953521a4/gunicorn-23.0.0.tar.gz", hash = "sha256:f014447a0101dc57e294f6c18ca6b40227a4c90e9bdb586042628030cba004ec", size = 375031, upload-time = "2024-08-10T20:25:27.378Z" }
wheels = [
    { url = "https://files.pythonhosted.org/packages/cb/7d/6dac2a6e1eba33ee43f318edbed4ff29151a49b5d37f080aad1e6469bca4/gunicorn-23.0.0-py3-none-any.whl", hash = "sha256:ec400d38950de4dfd418cff8328b2c8faed0edb0d517d3394e457c317908ca4d", size = 85029, upload-time = "2024-08-10T20:25:24.996Z" },
]

[[package]]
name = "iniconfig"
version = "2.3.0"
source = { registry = "https://pypi.org/simple" }
sdist = { url = "https://files.pythonhosted.org/packages/72/34/14ca021ce8e5dfedc35312d08ba8bf51fdd999c576889fc2c24cb97f4f10/iniconfig-2.3.0.tar.gz", hash = "sha256:c76315c77db068650d49c5b56314774a7804df16fee4402c1f19d6d15d8c4730", size = 20503, upload-time = "2025-10-18T21:55:43.219Z" }
wheels = [
    { url = "https://files.pythonhosted.org/packages/cb/b1/3846dd7f199d53cb17f49cba7e651e9ce294d8497c8c150530ed11865bb8/iniconfig-2.3.0-py3-none-any.whl", hash = "sha256:f631c04d2c48c52b84d0d0549c99ff3859c98df65b3101406327ecc7d53fbf12", size = 7484, upload-time = "2025-10-18T21:55:41.639Z" },
]

[[package]]
name = "jmespath"
version = "1.1.0"
source = { registry = "https://pypi.org/simple" }
sdist = { url = "https://files.pythonhosted.org/packages/d3/59/322338183ecda247fb5d1763a6cbe46eff7222eaeebafd9fa65d4bf5cb11/jmespath-1.1.0.tar.gz", hash = "sha256:472c87d80f36026ae83c6ddd0f1d05d4e510134ed462851fd5f754c8c3cbb88d", size = 27377, upload-time = "2026-01-22T16:35:26.279Z" }
wheels = [
    { url = "https://files.pythonhosted.org/packages/14/2f/967ba146e6d58cf6a652da73885f52fc68001525b4197effc174321d70b4/jmespath-1.1.0-py3-none-any.whl", hash = "sha256:a5663118de4908c91729bea0acadca56526eb2698e83de10cd116ae0f4e97c64", size = 20419, upload-time = "2026-01-22T16:35:24.919Z" },
]

[[package]]
name = "packaging"
version = "26.2"
source = { registry = "https://pypi.org/simple" }
sdist = { url = "https://files.pythonhosted.org/packages/d7/f1/e7a6dd94a8d4a5626c03e4e99c87f241ba9e350cd9e6d75123f992427270/packaging-26.2.tar.gz", hash = "sha256:ff452ff5a3e828ce110190feff1178bb1f2ea2281fa2075aadb987c2fb221661", size = 228134, upload-time = "2026-04-24T20:15:23.917Z" }
wheels = [
    { url = "https://files.pythonhosted.org/packages/df/b2/87e62e8c3e2f4b32e5fe99e0b86d576da1312593b39f47d8ceef365e95ed/packaging-26.2-py3-none-any.whl", hash = "sha256:5fc45236b9446107ff2415ce77c807cee2862cb6fac22b8a73826d0693b0980e", size = 100195, upload-time = "2026-04-24T20:15:22.081Z" },
]

[[package]]
name = "pillow"
version = "12.3.0"
source = { registry = "https://pypi.org/simple" }
sdist = { url = "https://files.pythonhosted.org/packages/1c/3d/bb7fca845737cf9d7dbde16ed1843984665ff2e0a518f5db43e77ec540b9/pillow-12.3.0.tar.gz", hash = "sha256:3b8182a766685eaa002637e28b4ec8d6b18819a0c71f579bf0dbaa5830297cce", size = 47025035, upload-time = "2026-07-01T11:56:38.965Z" }
wheels = [
    { url = "https://files.pythonhosted.org/packages/37/bf/fb3ebff8ddcb76aac5a01389251bbbb9519922a9b520d8247c1ca864a25d/pillow-12.3.0-cp312-cp312-macosx_10_13_x86_64.whl", hash = "sha256:ba09209fbe443b4acccebe845d8a138b89a8f4fbaeedd44953490b5315d5e965", size = 5345969, upload-time = "2026-07-01T11:54:06.397Z" },
    { url = "https://files.pythonhosted.org/packages/d8/66/9a386a92561f402389a4fc70c18838bf6d35eb5eb5c6850b4b2dc64f5048/pillow-12.3.0-cp312-cp312-macosx_11_0_arm64.whl", hash = "sha256:ffd0c5368496f41b0944be820fcb7a838aa6e623d250b01acf2643939c3f99d7", size = 4780323, upload-time = "2026-07-01T11:54:09.351Z" },
    { url = "https://files.pythonhosted.org/packages/25/27/ac8f99618ffd3dde21db0f4d4b1d2ab00c0880595bfd17df103f7f39fd0c/pillow-12.3.0-cp312-cp312-manylinux_2_27_aarch64.manylinux_2_28_aarch64.whl", hash = "sha256:d9c7f76c0673154f044e9d78c8655fb4213f6ca31a836df48b40fe5d187717b9", size = 6266838, upload-time = "2026-07-01T11:54:11.71Z" },
    { url = "https://files.pythonhosted.org/packages/84/21/a35af28dcc61f37ed850a2d64c65c701321dfbf25085e469d5559360cbbf/pillow-12.3.0-cp312-cp312-manylinux_2_27_x86_64.manylinux_2_28_x86_64.whl", hash = "sha256:78cb2c6865a35ab8ff8b75fd122f6033b92a62c82801110e48ddd6c936a45d91", size = 6940830, upload-time = "2026-07-01T11:54:13.732Z" },
    { url = "https://files.pythonhosted.org/packages/eb/51/8b08617af3ad95e33ce6d7dd2c99ed6c8298f7fb131636303956be022e25/pillow-12.3.0-cp312-cp312-musllinux_1_2_aarch64.whl", hash = "sha256:e491916b378fba47242221bb9ead245211b70d504f495d105d17b14a24b4907c", size = 6344383, upload-time = "2026-07-01T11:54:15.756Z" },
    { url = "https://files.pythonhosted.org/packages/1d/72/cf78ac9780bb93c28328f408973845a309d4d145041665f734572ced1b52/pillow-12.3.0-cp312-cp312-musllinux_1_2_x86_64.whl", hash = "sha256:0dd2064cbc55aaec028ef5fbb60fa47bb6c3e7918e07ff17935284b227a9d2df", size = 7052934, upload-time = "2026-07-01T11:54:17.721Z" },
    { url = "https://files.pythonhosted.org/packages/20/20/25e0f4dc178a6bc0696793720055519a0de89e7661dae886992decbd2f81/pillow-12.3.0-cp312-cp312-win32.whl", hash = "sha256:dbce0b29841537a2fa4a214c2bbf14de3587c9680caa9b4e217568472490b28f", size = 6472684, upload-time = "2026-07-01T11:54:19.839Z" },
    { url = "https://files.pythonhosted.org/packages/45/89/da2f7971a317f83d807fdd4065c0af40208e59e692cc43d315a71a0e96d1/pillow-12.3.0-cp312-cp312-win_amd64.whl", hash = "sha256:a2b55dd6b2a4c4b7d87ffa56bdb33fdc5fdb9a462173861a7bc097f17d91cb09", size = 7227137, upload-time = "2026-07-01T11:54:22.025Z" },
    { url = "https://files.pythonhosted.org/packages/de/47/4845a0a6c0dbf1db8456bd9fc791f13c5ced7ced20606d08a0aacfd25b49/pillow-12.3.0-cp312-cp312-win_arm64.whl", hash = "sha256:331b624368d4f1d069149002f25f44bc61c8919ce8ddb3c45bdad8f6e2d89510", size = 2568267, upload-time = "2026-07-01T11:54:24.051Z" },
]

[[package]]
name = "pillow-heif"
version = "1.4.0"
source = { registry = "https://pypi.org/simple" }
dependencies = [
    { name = "pillow" },
]
sdist = { url = "https://files.pythonhosted.org/packages/e3/5f/4753689400e657ca5d984f5e897657dab12d91b62f1bb6a1e73487b59a97/pillow_heif-1.4.0.tar.gz", hash = "sha256:55a7c0cb5321538d1ca74037be54b48d147017735a766eb29bcca4761253a1f1", size = 17127538, upload-time = "2026-06-10T16:02:40.009Z" }
wheels = [
    { url = "https://files.pythonhosted.org/packages/ce/ba/1a8f5a42c14cf8ad7c7a6b459de33e2bbd693a15690802463b370ee578cd/pillow_heif-1.4.0-cp312-cp312-macosx_10_15_x86_64.whl", hash = "sha256:5c6181fb25c7d28f98702160b98967d1d7d432d71decac9351f5a47ee33554e0", size = 4730173, upload-time = "2026-06-10T16:01:23.282Z" },
    { url = "https://files.pythonhosted.org/packages/cd/64/e659dd4a9b54ad148b8e753df6c9b84e0140065bebb69665b583b53804a8/pillow_heif-1.4.0-cp312-cp312-macosx_11_0_arm64.whl", hash = "sha256:ade286eeadb361773604e294f98c4a1b64b577aca271faa6971e2fbd018918c7", size = 3955563, upload-time = "2026-06-10T16:01:24.75Z" },
    { url = "https://files.pythonhosted.org/packages/b8/48/73336f6b4c6532ca98025a8c1a0254882d52c93ce7cc377440234fa20317/pillow_heif-1.4.0-cp312-cp312-manylinux_2_26_aarch64.manylinux_2_28_aarch64.whl", hash = "sha256:972c68fae8379c158aad222defa8b8f10c858a5f7f9cc99942f34b9667a516cd", size = 6249338, upload-time = "2026-06-10T16:01:27.247Z" },
    { url = "https://files.pythonhosted.org/packages/06/7a/e8053fa5e31f5f330ad1e9eec77625ba7ce97a1e765e5e05c85bf65d574a/pillow_heif-1.4.0-cp312-cp312-manylinux_2_27_x86_64.manylinux_2_28_x86_64.whl", hash = "sha256:cfcd611a09dbb949715d5f25063bd3668e0daa06b53a3ed5bbd92d36b4f6b2a9", size = 5664216, upload-time = "2026-06-10T16:01:29.074Z" },
    { url = "https://files.pythonhosted.org/packages/23/e8/76f6ab993238c9d7da53fb64e588fd37ef7b603895b2383f1cbccc209233/pillow_heif-1.4.0-cp312-cp312-musllinux_1_2_aarch64.whl", hash = "sha256:08026afd5f90628e029fe88aaa222280428ba7cc485a7cae553e78f7bb289b74", size = 7336120, upload-time = "2026-06-10T16:01:30.796Z" },
    { url = "https://files.pythonhosted.org/packages/d5/45/d77ad6de495dfcc55be00a48434183abd7cf8e3416916236e29d0ecd95b6/pillow_heif-1.4.0-cp312-cp312-musllinux_1_2_x86_64.whl", hash = "sha256:c8d001996e3a4687551385c2fe4d3fb84293727052fca1c0f50528c78b8327c7", size = 6597816, upload-time = "2026-06-10T16:01:32.773Z" },
    { url = "https://files.pythonhosted.org/packages/99/ef/f240ce0e84a6d0cf8dfee1834b4aec29f209c08e3d2047196cee65527fb7/pillow_heif-1.4.0-cp312-cp312-win_amd64.whl", hash = "sha256:107d598a1b1694ba6f371927ffd6d72d6f9af2ca4082577d9edbfdeed465f940", size = 6514536, upload-time = "2026-06-10T16:01:34.571Z" },
]

[[package]]
name = "pluggy"
version = "1.6.0"
source = { registry = "https://pypi.org/simple" }
sdist = { url = "https://files.pythonhosted.org/packages/f9/e2/3e91f31a7d2b083fe6ef3fa267035b518369d9511ffab804f839851d2779/pluggy-1.6.0.tar.gz", hash = "sha256:7dcc130b76258d33b90f61b658791dede3486c3e6bfb003ee5c9bfb396dd22f3", size = 69412, upload-time = "2025-05-15T12:30:07.975Z" }
wheels = [
    { url = "https://files.pythonhosted.org/packages/54/20/4d324d65cc6d9205fabedc306948156824eb9f0ee1633355a8f7ec5c66bf/pluggy-1.6.0-py3-none-any.whl", hash = "sha256:e920276dd6813095e9377c0bc5566d94c932c33b27a3e3945d8389c374dd4746", size = 20538, upload-time = "2025-05-15T12:30:06.134Z" },
]

[[package]]
name = "psycopg"
version = "3.3.4"
source = { registry = "https://pypi.org/simple" }
dependencies = [
    { name = "typing-extensions" },
    { name = "tzdata", marker = "sys_platform == 'win32'" },
]
sdist = { url = "https://files.pythonhosted.org/packages/db/2f/cb91e5502ec9de1de6f1b76cfbf69531932725361168bb06963620c77e2e/psycopg-3.3.4.tar.gz", hash = "sha256:e21207764952cff81b6b8bdacad9a3939f2793367fdac2987b3aac36a651b5bc", size = 165799, upload-time = "2026-05-01T23:31:55.179Z" }
wheels = [
    { url = "https://files.pythonhosted.org/packages/5c/e0/7b3dee031daae7743609ce3c746565d4a3ed7c2c186479eb48e34e838c64/psycopg-3.3.4-py3-none-any.whl", hash = "sha256:b6bbc25ccf05c8fad3b061d9db2ef0909a555171b84b07f29458a447253d679a", size = 213001, upload-time = "2026-05-01T23:20:50.816Z" },
]

[package.optional-dependencies]
binary = [
    { name = "psycopg-binary", marker = "implementation_name != 'pypy'" },
]

[[package]]
name = "psycopg-binary"
version = "3.3.4"
source = { registry = "https://pypi.org/simple" }
wheels = [
    { url = "https://files.pythonhosted.org/packages/95/7d/03818e13ba7f36de93573c93ee3482006d3dfa8b0f8d28df511bad0a1a92/psycopg_binary-3.3.4-cp312-cp312-macosx_10_13_x86_64.whl", hash = "sha256:5ab28a2a7649df3b72e6b674b4c190e448e8e77cf496a65bd846472048de2089", size = 4591122, upload-time = "2026-05-01T23:27:56.162Z" },
    { url = "https://files.pythonhosted.org/packages/a5/b9/11b341edf8d54e2694726b273fe9652b254d989f4f63e3ac6816ad6b55f4/psycopg_binary-3.3.4-cp312-cp312-macosx_11_0_arm64.whl", hash = "sha256:6402a9d8146cf4b3974ded3fd28a971e83dc6a0333eb7822524a3aa20b546578", size = 4669943, upload-time = "2026-05-01T23:28:04.522Z" },
    { url = "https://files.pythonhosted.org/packages/8b/18/4665bacd65e7865b4372fcd8abb8b9186ada4b0025f8c2ca691b364a556c/psycopg_binary-3.3.4-cp312-cp312-manylinux2014_ppc64le.manylinux_2_17_ppc64le.whl", hash = "sha256:580ae30a5f95ccd90008ec697d3ed6a4a2047a516407ad904283fa42086936e9", size = 5469697, upload-time = "2026-05-01T23:28:11.337Z" },
    { url = "https://files.pythonhosted.org/packages/7c/b1/b83136c6e510593d9b0c759ba5384337bc4ad82d19fda675adc4b2703c84/psycopg_binary-3.3.4-cp312-cp312-manylinux2014_x86_64.manylinux_2_17_x86_64.whl", hash = "sha256:e7510c37550f91a187e3660a8cc50d4b760f8c3b8b2f89ebc5698cd2c7f2c85d", size = 5152995, upload-time = "2026-05-01T23:28:20.529Z" },
    { url = "https://files.pythonhosted.org/packages/67/8d/a9821e2a648afe6091989929982a3b0f00b2631a859cb81379728f08fb75/psycopg_binary-3.3.4-cp312-cp312-manylinux_2_27_aarch64.manylinux_2_28_aarch64.whl", hash = "sha256:77df19583501ea288eaf15ac0fe7ad01e6d8091a91d5c41df5c718f307d8e31b", size = 6738180, upload-time = "2026-05-01T23:28:30.654Z" },
    { url = "https://files.pythonhosted.org/packages/7e/58/2e349e8d23905dc2317b80ac65f48fb6f821a4777a4e994a60da91c4850f/psycopg_binary-3.3.4-cp312-cp312-manylinux_2_38_riscv64.manylinux_2_39_riscv64.whl", hash = "sha256:018fbed325936da502feb546642c982dcc4b9ffdea32dfef78dbf3b7f7ad4070", size = 4978828, upload-time = "2026-05-01T23:28:37.277Z" },
    { url = "https://files.pythonhosted.org/packages/45/48/57b00d03b4721878326122a1f1e6b0a90b85bcaec56b5b2f8ea6cfa45235/psycopg_binary-3.3.4-cp312-cp312-musllinux_1_2_aarch64.whl", hash = "sha256:17a21953a9e5ff3a16dab692625a3676e2f101db5e40072f39dbee2250194d68", size = 4509757, upload-time = "2026-05-01T23:28:43.078Z" },
    { url = "https://files.pythonhosted.org/packages/25/37/33b47d8c007df69aec500df5889767c4d313748e8e9e27a2fef8a6dabcee/psycopg_binary-3.3.4-cp312-cp312-musllinux_1_2_ppc64le.whl", hash = "sha256:eb05ee1c2b817d27c537333224c9e83c7afb86fe7296ba970990068baf819b16", size = 4190546, upload-time = "2026-05-01T23:28:50.016Z" },
    { url = "https://files.pythonhosted.org/packages/ca/c6/32b0835dbc2122617902b649d76a91c1e75406e76bf3d595b0c3bb5ffad6/psycopg_binary-3.3.4-cp312-cp312-musllinux_1_2_riscv64.whl", hash = "sha256:773d573e11f437ce0bdb95b7c18dc58390494f96d43f8b45b9760436114f7652", size = 3926197, upload-time = "2026-05-01T23:28:55.55Z" },
    { url = "https://files.pythonhosted.org/packages/cd/68/d190ef0c0c5b16ded07831dabc8ddd412f4cdab07ec6e30ed38d9bda0e1f/psycopg_binary-3.3.4-cp312-cp312-musllinux_1_2_x86_64.whl", hash = "sha256:71e55ccbdfae79a2ed9c6369c3008a3025817ff9d7e27b32a2d84e2a4267e66e", size = 4236627, upload-time = "2026-05-01T23:29:05.336Z" },
    { url = "https://files.pythonhosted.org/packages/25/8f/81dcbc2e8454b74d14881275ea45f00791052dac531a9fa8be1730d1685b/psycopg_binary-3.3.4-cp312-cp312-win_amd64.whl", hash = "sha256:494ca54901be8cf9eb7e02c25b731f2317c378efa44f43e8f9bd0e1184ae7be4", size = 3560782, upload-time = "2026-05-01T23:29:11.967Z" },
]

[[package]]
name = "pygments"
version = "2.20.0"
source = { registry = "https://pypi.org/simple" }
sdist = { url = "https://files.pythonhosted.org/packages/c3/b2/bc9c9196916376152d655522fdcebac55e66de6603a76a02bca1b6414f6c/pygments-2.20.0.tar.gz", hash = "sha256:6757cd03768053ff99f3039c1a36d6c0aa0b263438fcab17520b30a303a82b5f", size = 4955991, upload-time = "2026-03-29T13:29:33.898Z" }
wheels = [
    { url = "https://files.pythonhosted.org/packages/f4/7e/a72dd26f3b0f4f2bf1dd8923c85f7ceb43172af56d63c7383eb62b332364/pygments-2.20.0-py3-none-any.whl", hash = "sha256:81a9e26dd42fd28a23a2d169d86d7ac03b46e2f8b59ed4698fb4785f946d0176", size = 1231151, upload-time = "2026-03-29T13:29:30.038Z" },
]

[[package]]
name = "pymupdf"
version = "1.28.0"
source = { registry = "https://pypi.org/simple" }
sdist = { url = "https://files.pythonhosted.org/packages/8e/e9/6d6c5d6c0a3551bffd47681a6240caf941727f195b45593cf20ab36f018f/pymupdf-1.28.0.tar.gz", hash = "sha256:e53f3567403a92da15caa9e7ae0164327fff48817e9f40175367fb9de524258d", size = 87637751, upload-time = "2026-06-29T09:08:47.547Z" }
wheels = [
    { url = "https://files.pythonhosted.org/packages/c8/b7/88043e38cc7529de070f0c9bd267fa258035cca0b4ad5260536b994594a7/pymupdf-1.28.0-cp310-abi3-macosx_10_15_x86_64.whl", hash = "sha256:892b89ba88e8f98b53133b62877a9dc9b5e7dc6a4aeb837b612db56a8d2e03ac", size = 24597385, upload-time = "2026-06-29T09:03:30.608Z" },
    { url = "https://files.pythonhosted.org/packages/33/f4/23775bbda0781b61fc398cc75079a2b0e64696d8fcf93271748883e9627e/pymupdf-1.28.0-cp310-abi3-macosx_11_0_arm64.whl", hash = "sha256:4d692dcf44d3566ae96bc6f6346c6ad432274a29ba617bf7a9fe18009e24adb4", size = 23828292, upload-time = "2026-06-29T09:03:46.129Z" },
    { url = "https://files.pythonhosted.org/packages/1c/f5/bf75fc7a415722f8b33662054f82d88520c0cbfd4c36d0e08aeaec605e49/pymupdf-1.28.0-cp310-abi3-manylinux_2_28_aarch64.whl", hash = "sha256:47a5c29ed4eb0744de9c4e37bb49b1259b18d4d75fcc8a7c130f7c9fa15956f6", size = 25045507, upload-time = "2026-06-29T09:04:03.86Z" },
    { url = "https://files.pythonhosted.org/packages/58/69/5d12c9f1f2d76f28383d6110a069c79fbfced5a4f97bb1ee6e8354f52bb7/pymupdf-1.28.0-cp310-abi3-manylinux_2_28_x86_64.whl", hash = "sha256:44f0973f5e5edbaec95bc34b64e71d1959d4ee90b1328de1b4f4f5b4fa78673f", size = 25716599, upload-time = "2026-06-29T09:04:19.367Z" },
    { url = "https://files.pythonhosted.org/packages/4d/b4/ec0e017bc42857cc86bd651441dbc41cc18be48d4698ecd27aac491e0c9a/pymupdf-1.28.0-cp310-abi3-musllinux_1_2_x86_64.whl", hash = "sha256:4d61ec323a706e153a12e262e51febfb43eeaa20977785ace135d18d48bcdc83", size = 25940489, upload-time = "2026-06-29T09:04:36.624Z" },
    { url = "https://files.pythonhosted.org/packages/06/86/f831fef09013f33b3c9c09fb3923f2ff53e1e437f6ace14b8ae46392f558/pymupdf-1.28.0-cp310-abi3-win32.whl", hash = "sha256:caea2b3b67347fd79e5d15ed7929b0e886aac594ea228073b6d39de0078189da", size = 18489703, upload-time = "2026-06-29T20:50:30.599Z" },
    { url = "https://files.pythonhosted.org/packages/2e/5d/1a03f53eb0449900469335fcfc742ca28e3ba159b7d650e0921d50b8b308/pymupdf-1.28.0-cp310-abi3-win_amd64.whl", hash = "sha256:e01e90fd86abfeb37ceb921eddb951f988a11d45ff6ce6b7664f2039849068ec", size = 19773102, upload-time = "2026-06-29T09:04:49.773Z" },
    { url = "https://files.pythonhosted.org/packages/72/f6/1e52ce243ca792254f6223b4017c5667194c146ce9b88baf37bc5eb3d1c9/pymupdf-1.28.0-cp313-abi3-pyemscripten_2025_0_wasm32.whl", hash = "sha256:74c6d00ba2a9aad3a635db73b07c15db462b480741d831a34a75a56535ebc22b", size = 18357011, upload-time = "2026-06-29T20:50:50.353Z" },
]

[[package]]
name = "pytest"
version = "8.4.2"
source = { registry = "https://pypi.org/simple" }
dependencies = [
    { name = "colorama", marker = "sys_platform == 'win32'" },
    { name = "iniconfig" },
    { name = "packaging" },
    { name = "pluggy" },
    { name = "pygments" },
]
sdist = { url = "https://files.pythonhosted.org/packages/a3/5c/00a0e072241553e1a7496d638deababa67c5058571567b92a7eaa258397c/pytest-8.4.2.tar.gz", hash = "sha256:86c0d0b93306b961d58d62a4db4879f27fe25513d4b969df351abdddb3c30e01", size = 1519618, upload-time = "2025-09-04T14:34:22.711Z" }
wheels = [
    { url = "https://files.pythonhosted.org/packages/a8/a4/20da314d277121d6534b3a980b29035dcd51e6744bd79075a6ce8fa4eb8d/pytest-8.4.2-py3-none-any.whl", hash = "sha256:872f880de3fc3a5bdc88a11b39c9710c3497a547cfa9320bc3c5e62fbf272e79", size = 365750, upload-time = "2025-09-04T14:34:20.226Z" },
]

[[package]]
name = "pytest-django"
version = "4.12.0"
source = { registry = "https://pypi.org/simple" }
dependencies = [
    { name = "pytest" },
]
sdist = { url = "https://files.pythonhosted.org/packages/13/2b/db9a193df89e5660137f5428063bcc2ced7ad790003b26974adf5c5ceb3b/pytest_django-4.12.0.tar.gz", hash = "sha256:df94ec819a83c8979c8f6de13d9cdfbe76e8c21d39473cfe2b40c9fc9be3c758", size = 91156, upload-time = "2026-02-14T18:40:49.235Z" }
wheels = [
    { url = "https://files.pythonhosted.org/packages/83/a5/41d091f697c09609e7ef1d5d61925494e0454ebf51de7de05f0f0a728f1d/pytest_django-4.12.0-py3-none-any.whl", hash = "sha256:3ff300c49f8350ba2953b90297d23bf5f589db69545f56f1ec5f8cff5da83e85", size = 26123, upload-time = "2026-02-14T18:40:47.381Z" },
]

[[package]]
name = "python-dateutil"
version = "2.9.0.post0"
source = { registry = "https://pypi.org/simple" }
dependencies = [
    { name = "six" },
]
sdist = { url = "https://files.pythonhosted.org/packages/66/c0/0c8b6ad9f17a802ee498c46e004a0eb49bc148f2fd230864601a86dcf6db/python-dateutil-2.9.0.post0.tar.gz", hash = "sha256:37dd54208da7e1cd875388217d5e00ebd4179249f90fb72437e91a35459a0ad3", size = 342432, upload-time = "2024-03-01T18:36:20.211Z" }
wheels = [
    { url = "https://files.pythonhosted.org/packages/ec/57/56b9bcc3c9c6a792fcbaf139543cee77261f3651ca9da0c93f5c1221264b/python_dateutil-2.9.0.post0-py2.py3-none-any.whl", hash = "sha256:a8b2bc7bffae282281c8140a97d3aa9c14da0b136dfe83f850eea9a5f7470427", size = 229892, upload-time = "2024-03-01T18:36:18.57Z" },
]

[[package]]
name = "python-dotenv"
version = "1.2.2"
source = { registry = "https://pypi.org/simple" }
sdist = { url = "https://files.pythonhosted.org/packages/82/ed/0301aeeac3e5353ef3d94b6ec08bbcabd04a72018415dcb29e588514bba8/python_dotenv-1.2.2.tar.gz", hash = "sha256:2c371a91fbd7ba082c2c1dc1f8bf89ca22564a087c2c287cd9b662adde799cf3", size = 50135, upload-time = "2026-03-01T16:00:26.196Z" }
wheels = [
    { url = "https://files.pythonhosted.org/packages/0b/d7/1959b9648791274998a9c3526f6d0ec8fd2233e4d4acce81bbae76b44b2a/python_dotenv-1.2.2-py3-none-any.whl", hash = "sha256:1d8214789a24de455a8b8bd8ae6fe3c6b69a5e3d64aa8a8e5d68e694bbcb285a", size = 22101, upload-time = "2026-03-01T16:00:25.09Z" },
]

[[package]]
name = "ruff"
version = "0.15.21"
source = { registry = "https://pypi.org/simple" }
sdist = { url = "https://files.pythonhosted.org/packages/0f/36/6f65aa9989acdec45d417192d8f4e7921931d8a6cf87ac74bce3eed98a8e/ruff-0.15.21.tar.gz", hash = "sha256:d0cfc841c572283c36548f82664a54ce6565567f1b0d5b4cf2caac693d8b7500", size = 4769401, upload-time = "2026-07-09T20:01:34.005Z" }
wheels = [
    { url = "https://files.pythonhosted.org/packages/d0/c6/ede15cac6839f3dbce52565c8f5164a8210e669c7bc4decb03e5bdf47d0d/ruff-0.15.21-py3-none-linux_armv6l.whl", hash = "sha256:63ea0e965e5d73c90e95b2434beeafc70820536717f561b32ab6e777cb9bdf5d", size = 10854342, upload-time = "2026-07-09T20:00:53.998Z" },
    { url = "https://files.pythonhosted.org/packages/28/9d/d825b07ee7ea9e2d61df92a860033c94e06e7300d50a1c2653aac27d24fe/ruff-0.15.21-py3-none-macosx_10_12_x86_64.whl", hash = "sha256:0f212c5d7d54c01bbfe6dcab02b724a39300f3e34ed7acbe995ccb320a2c58bd", size = 11139539, upload-time = "2026-07-09T20:00:57.809Z" },
    { url = "https://files.pythonhosted.org/packages/f5/de/3b107712e642f063c7a9e0887c427b22cb44097de5aab36c05f2e280670c/ruff-0.15.21-py3-none-macosx_11_0_arm64.whl", hash = "sha256:e6312e41bc96791299614995ea3a977c5857c3b5662b1ecef6755b02b87cb646", size = 10595437, upload-time = "2026-07-09T20:01:00.006Z" },
    { url = "https://files.pythonhosted.org/packages/9a/6f/b4523cc90ba239ede441447a19d0c968846a3012e5a0b0c5b62831a3d5e3/ruff-0.15.21-py3-none-manylinux_2_17_aarch64.manylinux2014_aarch64.whl", hash = "sha256:01d65b4831c6b2a4ba8ee6faa84049d44d982b7a706e622c4094c509e51673be", size = 10990053, upload-time = "2026-07-09T20:01:02.187Z" },
    { url = "https://files.pythonhosted.org/packages/92/cc/c6a9872a5375f0628875481cf2f66b13d7d865bf3ca2e57f91c7e762d976/ruff-0.15.21-py3-none-manylinux_2_17_armv7l.manylinux2014_armv7l.whl", hash = "sha256:2c5a913a589120ce67933d5d05fd6ddbcc2481c6a054980ee767f7414c72b4fd", size = 10666096, upload-time = "2026-07-09T20:01:04.299Z" },
    { url = "https://files.pythonhosted.org/packages/ab/97/c621f7a17e097f1790fa3af6374138823b330b2d03fc38337945daca212c/ruff-0.15.21-py3-none-manylinux_2_17_i686.manylinux2014_i686.whl", hash = "sha256:5ef04b681d02ad4dc9620f00f83ac5c22f652d0e9a9cfe431d219b16ad5ccc41", size = 11537011, upload-time = "2026-07-09T20:01:06.771Z" },
    { url = "https://files.pythonhosted.org/packages/ea/51/d928727e476e25ccc57c6f449ffd80241a651a973ad949d39cfb2a771d28/ruff-0.15.21-py3-none-manylinux_2_17_ppc64le.manylinux2014_ppc64le.whl", hash = "sha256:16d090c0740916594157e75b80d666eab8e78083b39b3b0e1d698f4670a17b86", size = 12347101, upload-time = "2026-07-09T20:01:08.859Z" },
    { url = "https://files.pythonhosted.org/packages/1e/88/8cd62026802b16018ad06931d87997cf795ba2a6239ab659606c87d96bf0/ruff-0.15.21-py3-none-manylinux_2_17_s390x.manylinux2014_s390x.whl", hash = "sha256:3a10e74757dd65004d779b73e2f3c5210156d9980b41224d50d2ebcf1db51e67", size = 11572001, upload-time = "2026-07-09T20:01:11.092Z" },
    { url = "https://files.pythonhosted.org/packages/b2/97/f63084cf55444fc110e8cb985ebfcc592af47f597d44453d778cb81bc156/ruff-0.15.21-py3-none-manylinux_2_17_x86_64.manylinux2014_x86_64.whl", hash = "sha256:bab0905d2f29e0d9fbc3c373ed23db0095edaa3f71f1f4f519ec15134d9e85c8", size = 11549239, upload-time = "2026-07-09T20:01:13.27Z" },
    { url = "https://files.pythonhosted.org/packages/9d/77/f107da4a2874b7715914b03f09ba9c54424de3ff8a1cc5d015d3ee2ce0ac/ruff-0.15.21-py3-none-manylinux_2_31_riscv64.whl", hash = "sha256:00eca240af5789fec6fe7df74c088cc1f9644ed83027113468efba7c92b94075", size = 11535340, upload-time = "2026-07-09T20:01:15.206Z" },
    { url = "https://files.pythonhosted.org/packages/d5/e9/601deb322d3303a7bf212b0100ead6f2ee3f6a044d89c30f2f92bf83c731/ruff-0.15.21-py3-none-musllinux_1_2_aarch64.whl", hash = "sha256:262ab31557a75141325e32d3357f3597645a7f084e732b6b054dde428ecd9341", size = 10964048, upload-time = "2026-07-09T20:01:17.723Z" },
    { url = "https://files.pythonhosted.org/packages/ea/2e/0f2176d1e99c15192caea19c8c3a0a955246b4cb4de795042eeb616345cd/ruff-0.15.21-py3-none-musllinux_1_2_armv7l.whl", hash = "sha256:659c4e7a4212f83306045ec7c5e5a356d16d9a6ef4ae0c7a4d872914fc655d9d", size = 10667055, upload-time = "2026-07-09T20:01:19.73Z" },
    { url = "https://files.pythonhosted.org/packages/48/60/abd74a02e0c4214f12a68becfd30af7165cfdcb0e661ecdc60bbb949c09a/ruff-0.15.21-py3-none-musllinux_1_2_i686.whl", hash = "sha256:9e866eab611a5f959d36df2d10e446973a3610bc42b0c15b31dc27977d59c233", size = 11242043, upload-time = "2026-07-09T20:01:21.947Z" },
    { url = "https://files.pythonhosted.org/packages/b2/c6/583075d8ccabb4b229345edcaf1545eb3d8d6be90f686a479d7e94088bbf/ruff-0.15.21-py3-none-musllinux_1_2_x86_64.whl", hash = "sha256:e89bc93c0d3803ba870b55c29671bad9dc6d94bb1eb181b056b52eb05b52854f", size = 11648064, upload-time = "2026-07-09T20:01:24.023Z" },
    { url = "https://files.pythonhosted.org/packages/3a/3c/37d0ecb729a7cc2d393ea7dce316fc585680f35d93b8d62139d7d0a3700c/ruff-0.15.21-py3-none-win32.whl", hash = "sha256:01f8d5be84823c172b389e123174f781f9daf86d6c58719d603f941932195cdd", size = 10896555, upload-time = "2026-07-09T20:01:26.941Z" },
    { url = "https://files.pythonhosted.org/packages/c0/b8/e43466b2a6067ce91e669068f6e28d6c719a920f014b070d5c8731725de3/ruff-0.15.21-py3-none-win_amd64.whl", hash = "sha256:d4b8d9a2f0f12b816b50447f6eccb9f4bb01a6b82c86b50fb3b5354b458dc6d3", size = 12038772, upload-time = "2026-07-09T20:01:29.497Z" },
    { url = "https://files.pythonhosted.org/packages/dd/75/e90ab9aeece218a9fc5a5bc3ec97d0ee6bb3c4ff95869463c1de58e29a1c/ruff-0.15.21-py3-none-win_arm64.whl", hash = "sha256:6e83115d4b9377c1cbc13abf0e051f069fab0ef815ea0504a8a008cee24dd0a8", size = 11375265, upload-time = "2026-07-09T20:01:31.772Z" },
]

[[package]]
name = "s3transfer"
version = "0.19.1"
source = { registry = "https://pypi.org/simple" }
dependencies = [
    { name = "botocore" },
]
sdist = { url = "https://files.pythonhosted.org/packages/65/da/4bef7ce7bb989b222aa4785a413896dbec53306dfc59c6ce7d16a7ffbd6a/s3transfer-0.19.1.tar.gz", hash = "sha256:d3d6371dc3f1e5c5427b2b457bcf13bcf87bec334c95aed18642eae61f6926f3", size = 165354, upload-time = "2026-07-10T19:32:04.849Z" }
wheels = [
    { url = "https://files.pythonhosted.org/packages/24/23/e84c64ad0e8bc59cd1b2ef98def848deff0ef3456c542afe74d51e9e8c85/s3transfer-0.19.1-py3-none-any.whl", hash = "sha256:d5fd7005ee39307455ad5f310b5ea67f4b1960d7fed5b3671ee50c249de675de", size = 90072, upload-time = "2026-07-10T19:32:03.673Z" },
]

[[package]]
name = "six"
version = "1.17.0"
source = { registry = "https://pypi.org/simple" }
sdist = { url = "https://files.pythonhosted.org/packages/94/e7/b2c673351809dca68a0e064b6af791aa332cf192da575fd474ed7d6f16a2/six-1.17.0.tar.gz", hash = "sha256:ff70335d468e7eb6ec65b95b99d3a2836546063f63acc5171de367e834932a81", size = 34031, upload-time = "2024-12-04T17:35:28.174Z" }
wheels = [
    { url = "https://files.pythonhosted.org/packages/b7/ce/149a00dd41f10bc29e5921b496af8b574d8413afcd5e30dfa0ed46c2cc5e/six-1.17.0-py2.py3-none-any.whl", hash = "sha256:4721f391ed90541fddacab5acf947aa0d3dc7d27b2e1e8eda2be8970586c3274", size = 11050, upload-time = "2024-12-04T17:35:26.475Z" },
]

[[package]]
name = "sqlparse"
version = "0.5.5"
source = { registry = "https://pypi.org/simple" }
sdist = { url = "https://files.pythonhosted.org/packages/90/76/437d71068094df0726366574cf3432a4ed754217b436eb7429415cf2d480/sqlparse-0.5.5.tar.gz", hash = "sha256:e20d4a9b0b8585fdf63b10d30066c7c94c5d7a7ec47c889a2d83a3caa93ff28e", size = 120815, upload-time = "2025-12-19T07:17:45.073Z" }
wheels = [
    { url = "https://files.pythonhosted.org/packages/49/4b/359f28a903c13438ef59ebeee215fb25da53066db67b305c125f1c6d2a25/sqlparse-0.5.5-py3-none-any.whl", hash = "sha256:12a08b3bf3eec877c519589833aed092e2444e68240a3577e8e26148acc7b1ba", size = 46138, upload-time = "2025-12-19T07:17:46.573Z" },
]

[[package]]
name = "typing-extensions"
version = "4.16.0"
source = { registry = "https://pypi.org/simple" }
sdist = { url = "https://files.pythonhosted.org/packages/f6/cc/6253133b5bb138fc3306cebfbda2c520f545d36b5be2c7255cc528bb45d6/typing_extensions-4.16.0.tar.gz", hash = "sha256:dc983d19a509c94dba722ee6abd33940f7c05a89e243c47e907eb4db6f1a43e5", size = 113555, upload-time = "2026-07-02T08:40:05.92Z" }
wheels = [
    { url = "https://files.pythonhosted.org/packages/49/d3/b8441a820a491ddfc024b0b0cf0393375b75ea13866d9c66727e54c2fc80/typing_extensions-4.16.0-py3-none-any.whl", hash = "sha256:481caa481374e813c1b176ada14e97f1f67a4539ce9cfeb3f350d78d6370c2e8", size = 45571, upload-time = "2026-07-02T08:40:04.659Z" },
]

[[package]]
name = "tzdata"
version = "2026.3"
source = { registry = "https://pypi.org/simple" }
sdist = { url = "https://files.pythonhosted.org/packages/92/ff/5a28bdfd8c3ebec42564ac7d0e54ca3db65044a9314a97f9564fa7a1e926/tzdata-2026.3.tar.gz", hash = "sha256:4a1518b8993086a7982523e071643f3c0e5f213e75b21318e78bcabfff9d1415", size = 198674, upload-time = "2026-07-10T08:50:37.887Z" }
wheels = [
    { url = "https://files.pythonhosted.org/packages/e5/6d/b53b99a9f2766d095985947a5782f1702cabb129a34f7a802d7197af832f/tzdata-2026.3-py2.py3-none-any.whl", hash = "sha256:dc096730c87af6cab1b171c9d532be840741ff5d459015e7f6947bd7d7e54931", size = 348168, upload-time = "2026-07-10T08:50:36.46Z" },
]

[[package]]
name = "urllib3"
version = "2.7.0"
source = { registry = "https://pypi.org/simple" }
sdist = { url = "https://files.pythonhosted.org/packages/53/0c/06f8b233b8fd13b9e5ee11424ef85419ba0d8ba0b3138bf360be2ff56953/urllib3-2.7.0.tar.gz", hash = "sha256:231e0ec3b63ceb14667c67be60f2f2c40a518cb38b03af60abc813da26505f4c", size = 433602, upload-time = "2026-05-07T16:13:18.596Z" }
wheels = [
    { url = "https://files.pythonhosted.org/packages/7f/3e/5db95bcf282c52709639744ca2a8b149baccf648e39c8cc87553df9eae0c/urllib3-2.7.0-py3-none-any.whl", hash = "sha256:9fb4c81ebbb1ce9531cce37674bbc6f1360472bc18ca9a553ede278ef7276897", size = 131087, upload-time = "2026-05-07T16:13:17.151Z" },
]

[[package]]
name = "whitenoise"
version = "6.12.0"
source = { registry = "https://pypi.org/simple" }
sdist = { url = "https://files.pythonhosted.org/packages/cb/2a/55b3f3a4ec326cd077c1c3defeee656b9298372a69229134d930151acd01/whitenoise-6.12.0.tar.gz", hash = "sha256:f723ebb76a112e98816ff80fcea0a6c9b8ecde835f8ddda25df7a30a3c2db6ad", size = 26841, upload-time = "2026-02-27T00:05:42.028Z" }
wheels = [
    { url = "https://files.pythonhosted.org/packages/db/eb/d5583a11486211f3ebd4b385545ae787f32363d453c19fffd81106c9c138/whitenoise-6.12.0-py3-none-any.whl", hash = "sha256:fc5e8c572e33ebf24795b47b6a7da8da3c00cff2349f5b04c02f28d0cc5a3cc2", size = 20302, upload-time = "2026-02-27T00:05:40.086Z" },
]
